
Microsoft Visual Studio Solution File, Format Version 12.00
# Visual Studio Version 17
VisualStudioVersion = 17.3.32922.545
MinimumVisualStudioVersion = 10.0.40219.1
Project("{FAE04EC0-301F-11D3-BF4B-00C04F79EFBC}") = "Inventory", "Inventory\Inventory.csproj", "{34FBE959-08DC-4AD8-AD98-D1CAAD3878FA}"
EndProject
Global
	GlobalSection(SolutionConfigurationPlatforms) = preSolution
		Debug|Any CPU = Debug|Any CPU
		Release|Any CPU = Release|Any CPU
	EndGlobalSection
	GlobalSection(ProjectConfigurationPlatforms) = postSolution
		{34FBE959-08DC-4AD8-AD98-D1CAAD3878FA}.Debug|Any CPU.ActiveCfg = Debug|Any CPU
		{34FBE959-08DC-4AD8-AD98-D1CAAD3878FA}.Debug|Any CPU.Build.0 = Debug|Any CPU
		{34FBE959-08DC-4AD8-AD98-D1CAAD3878FA}.Release|Any CPU.ActiveCfg = Release|Any CPU
		{34FBE959-08DC-4AD8-AD98-D1CAAD3878FA}.Release|Any CPU.Build.0 = Release|Any CPU
	EndGlobalSection
	GlobalSection(SolutionProperties) = preSolution
		HideSolutionNode = FALSE
	EndGlobalSection
	GlobalSection(ExtensibilityGlobals) = postSolution
		SolutionGuid = {D4AE371C-B3C4-4EDD-B8DA-0EB03C60F974}
	EndGlobalSection
EndGlobal
